
Microsoft Visual Studio Solution File, Format Version 12.00
# Visual Studio 15
Project("{FAE04EC0-301F-11D3-BF4B-00C04F79EFBC}") = "Assembly-CSharp", "Assembly-CSharp.csproj", "{0F296E55-AD63-C86C-F227-37B80CEA386D}"
EndProject
Project("{FAE04EC0-301F-11D3-BF4B-00C04F79EFBC}") = "Assembly-CSharp-firstpass", "Assembly-CSharp-firstpass.csproj", "{5957ABA7-BC79-F6BC-D380-7096F36E8EDF}"
EndProject
Project("{FAE04EC0-301F-11D3-BF4B-00C04F79EFBC}") = "Assembly-CSharp-Editor", "Assembly-CSharp-Editor.csproj", "{2968F62D-C1E4-7E03-8148-EC8EDA373245}"
EndProject
Project("{FAE04EC0-301F-11D3-BF4B-00C04F79EFBC}") = "Assembly-CSharp-Editor-firstpass", "Assembly-CSharp-Editor-firstpass.csproj", "{F4A6B723-7A87-0F78-6ECC-49634A3DAA0E}"
EndProject
Global
	GlobalSection(SolutionConfigurationPlatforms) = preSolution
		Debug|Any CPU = Debug|Any CPU
		Release|Any CPU = Release|Any CPU
	EndGlobalSection
	GlobalSection(ProjectConfigurationPlatforms) = postSolution
		{0F296E55-AD63-C86C-F227-37B80CEA386D}.Debug|Any CPU.ActiveCfg = Debug|Any CPU
		{0F296E55-AD63-C86C-F227-37B80CEA386D}.Debug|Any CPU.Build.0 = Debug|Any CPU
		{0F296E55-AD63-C86C-F227-37B80CEA386D}.Release|Any CPU.ActiveCfg = Release|Any CPU
		{0F296E55-AD63-C86C-F227-37B80CEA386D}.Release|Any CPU.Build.0 = Release|Any CPU
		{5957ABA7-BC79-F6BC-D380-7096F36E8EDF}.Debug|Any CPU.ActiveCfg = Debug|Any CPU
		{5957ABA7-BC79-F6BC-D380-7096F36E8EDF}.Debug|Any CPU.Build.0 = Debug|Any CPU
		{5957ABA7-BC79-F6BC-D380-7096F36E8EDF}.Release|Any CPU.ActiveCfg = Release|Any CPU
		{5957ABA7-BC79-F6BC-D380-7096F36E8EDF}.Release|Any CPU.Build.0 = Release|Any CPU
		{2968F62D-C1E4-7E03-8148-EC8EDA373245}.Debug|Any CPU.ActiveCfg = Debug|Any CPU
		{2968F62D-C1E4-7E03-8148-EC8EDA373245}.Debug|Any CPU.Build.0 = Debug|Any CPU
		{2968F62D-C1E4-7E03-8148-EC8EDA373245}.Release|Any CPU.ActiveCfg = Release|Any CPU
		{2968F62D-C1E4-7E03-8148-EC8EDA373245}.Release|Any CPU.Build.0 = Release|Any CPU
		{F4A6B723-7A87-0F78-6ECC-49634A3DAA0E}.Debug|Any CPU.ActiveCfg = Debug|Any CPU
		{F4A6B723-7A87-0F78-6ECC-49634A3DAA0E}.Debug|Any CPU.Build.0 = Debug|Any CPU
		{F4A6B723-7A87-0F78-6ECC-49634A3DAA0E}.Release|Any CPU.ActiveCfg = Release|Any CPU
		{F4A6B723-7A87-0F78-6ECC-49634A3DAA0E}.Release|Any CPU.Build.0 = Release|Any CPU
	EndGlobalSection
	GlobalSection(SolutionProperties) = preSolution
		HideSolutionNode = FALSE
	EndGlobalSection
EndGlobal
